// !$*UTF8*$!
{
	archiveVersion = 1;
	classes = {
	};
	objectVersion = 48;
	objects = {

/* Begin PBXBuildFile section */
		12D10F302048CE9600F16747 /* AppDelegate.swift in Sources */ = {isa = PBXBuildFile; fileRef = 12D10F2F2048CE9600F16747 /* AppDelegate.swift */; };
		12D10F322048CE9600F16747 /* ViewController.swift in Sources */ = {isa = PBXBuildFile; fileRef = 12D10F312048CE9600F16747 /* ViewController.swift */; };
		12D10F352048CE9600F16747 /* Main.storyboard in Resources */ = {isa = PBXBuildFile; fileRef = 12D10F332048CE9600F16747 /* Main.storyboard */; };
		12D10F382048CE9600F16747 /* DatabaseDemo1.xcdatamodeld in Sources */ = {isa = PBXBuildFile; fileRef = 12D10F362048CE9600F16747 /* DatabaseDemo1.xcdatamodeld */; };
		12D10F3A2048CE9600F16747 /* Assets.xcassets in Resources */ = {isa = PBXBuildFile; fileRef = 12D10F392048CE9600F16747 /* Assets.xcassets */; };
		12D10F3D2048CE9600F16747 /* LaunchScreen.storyboard in Resources */ = {isa = PBXBuildFile; fileRef = 12D10F3B2048CE9600F16747 /* LaunchScreen.storyboard */; };
		12D10F452048CFF100F16747 /* DatabaseController.swift in Sources */ = {isa = PBXBuildFile; fileRef = 12D10F442048CFF100F16747 /* DatabaseController.swift */; };
		12D10F4A2048D36400F16747 /* Student+CoreDataClass.swift in Sources */ = {isa = PBXBuildFile; fileRef = 12D10F462048D36400F16747 /* Student+CoreDataClass.swift */; };
		12D10F4B2048D36400F16747 /* Student+CoreDataProperties.swift in Sources */ = {isa = PBXBuildFile; fileRef = 12D10F472048D36400F16747 /* Student+CoreDataProperties.swift */; };
		12D10F4C2048D36400F16747 /* Course+CoreDataClass.swift in Sources */ = {isa = PBXBuildFile; fileRef = 12D10F482048D36400F16747 /* Course+CoreDataClass.swift */; };
		12D10F4D2048D36400F16747 /* Course+CoreDataProperties.swift in Sources */ = {isa = PBXBuildFile; fileRef = 12D10F492048D36400F16747 /* Course+CoreDataProperties.swift */; };
/* End PBXBuildFile section */

/* Begin PBXFileReference section */
		12D10F2C2048CE9600F16747 /* DatabaseDemo1.app */ = {isa = PBXFileReference; explicitFileType = wrapper.application; includeInIndex = 0; path = DatabaseDemo1.app; sourceTree = BUILT_PRODUCTS_DIR; };
		12D10F2F2048CE9600F16747 /* AppDelegate.swift */ = {isa = PBXFileReference; lastKnownFileType = sourcecode.swift; path = AppDelegate.swift; sourceTree = "<group>"; };
		12D10F312048CE9600F16747 /* ViewController.swift */ = {isa = PBXFileReference; lastKnownFileType = sourcecode.swift; path = ViewController.swift; sourceTree = "<group>"; };
		12D10F342048CE9600F16747 /* Base */ = {isa = PBXFileReference; lastKnownFileType = file.storyboard; name = Base; path = Base.lproj/Main.storyboard; sourceTree = "<group>"; };
		12D10F372048CE9600F16747 /* DatabaseDemo1.xcdatamodel */ = {isa = PBXFileReference; lastKnownFileType = wrapper.xcdatamodel; path = DatabaseDemo1.xcdatamodel; sourceTree = "<group>"; };
		12D10F392048CE9600F16747 /* Assets.xcassets */ = {isa = PBXFileReference; lastKnownFileType = folder.assetcatalog; path = Assets.xcassets; sourceTree = "<group>"; };
		12D10F3C2048CE9600F16747 /* Base */ = {isa = PBXFileReference; lastKnownFileType = file.storyboard; name = Base; path = Base.lproj/LaunchScreen.storyboard; sourceTree = "<group>"; };
		12D10F3E2048CE9600F16747 /* Info.plist */ = {isa = PBXFileReference; lastKnownFileType = text.plist.xml; path = Info.plist; sourceTree = "<group>"; };
		12D10F442048CFF100F16747 /* DatabaseController.swift */ = {isa = PBXFileReference; lastKnownFileType = sourcecode.swift; path = DatabaseController.swift; sourceTree = "<group>"; };
		12D10F462048D36400F16747 /* Student+CoreDataClass.swift */ = {isa = PBXFileReference; lastKnownFileType = sourcecode.swift; path = "Student+CoreDataClass.swift"; sourceTree = "<group>"; };
		12D10F472048D36400F16747 /* Student+CoreDataProperties.swift */ = {isa = PBXFileReference; lastKnownFileType = sourcecode.swift; path = "Student+CoreDataProperties.swift"; sourceTree = "<group>"; };
		12D10F482048D36400F16747 /* Course+CoreDataClass.swift */ = {isa = PBXFileReference; lastKnownFileType = sourcecode.swift; path = "Course+CoreDataClass.swift"; sourceTree = "<group>"; };
		12D10F492048D36400F16747 /* Course+CoreDataProperties.swift */ = {isa = PBXFileReference; lastKnownFileType = sourcecode.swift; path = "Course+CoreDataProperties.swift"; sourceTree = "<group>"; };
/* End PBXFileReference section */

/* Begin PBXFrameworksBuildPhase section */
		12D10F292048CE9600F16747 /* Frameworks */ = {
			isa = PBXFrameworksBuildPhase;
			buildActionMask = 2147483647;
			files = (
			);
			runOnlyForDeploymentPostprocessing = 0;
		};
/* End PBXFrameworksBuildPhase section */

/* Begin PBXGroup section */
		12D10F232048CE9600F16747 = {
			isa = PBXGroup;
			children = (
				12D10F2E2048CE9600F16747 /* DatabaseDemo1 */,
				12D10F2D2048CE9600F16747 /* Products */,
			);
			sourceTree = "<group>";
		};
		12D10F2D2048CE9600F16747 /* Products */ = {
			isa = PBXGroup;
			children = (
				12D10F2C2048CE9600F16747 /* DatabaseDemo1.app */,
			);
			name = Products;
			sourceTree = "<group>";
		};
		12D10F2E2048CE9600F16747 /* DatabaseDemo1 */ = {
			isa = PBXGroup;
			children = (
				12D10F4E2048D36C00F16747 /* Model */,
				12D10F2F2048CE9600F16747 /* AppDelegate.swift */,
				12D10F442048CFF100F16747 /* DatabaseController.swift */,
				12D10F312048CE9600F16747 /* ViewController.swift */,
				12D10F332048CE9600F16747 /* Main.storyboard */,
				12D10F392048CE9600F16747 /* Assets.xcassets */,
				12D10F3B2048CE9600F16747 /* LaunchScreen.storyboard */,
				12D10F3E2048CE9600F16747 /* Info.plist */,
				12D10F362048CE9600F16747 /* DatabaseDemo1.xcdatamodeld */,
			);
			path = DatabaseDemo1;
			sourceTree = "<group>";
		};
		12D10F4E2048D36C00F16747 /* Model */ = {
			isa = PBXGroup;
			children = (
				12D10F462048D36400F16747 /* Student+CoreDataClass.swift */,
				12D10F472048D36400F16747 /* Student+CoreDataProperties.swift */,
				12D10F482048D36400F16747 /* Course+CoreDataClass.swift */,
				12D10F492048D36400F16747 /* Course+CoreDataProperties.swift */,
			);
			path = Model;
			sourceTree = "<group>";
		};
/* End PBXGroup section */

/* Begin PBXNativeTarget section */
		12D10F2B2048CE9600F16747 /* DatabaseDemo1 */ = {
			isa = PBXNativeTarget;
			buildConfigurationList = 12D10F412048CE9600F16747 /* Build configuration list for PBXNativeTarget "DatabaseDemo1" */;
			buildPhases = (
				12D10F282048CE9600F16747 /* Sources */,
				12D10F292048CE9600F16747 /* Frameworks */,
				12D10F2A2048CE9600F16747 /* Resources */,
			);
			buildRules = (
			);
			dependencies = (
			);
			name = DatabaseDemo1;
			productName = DatabaseDemo1;
			productReference = 12D10F2C2048CE9600F16747 /* DatabaseDemo1.app */;
			productType = "com.apple.product-type.application";
		};
/* End PBXNativeTarget section */

/* Begin PBXProject section */
		12D10F242048CE9600F16747 /* Project object */ = {
			isa = PBXProject;
			attributes = {
				LastSwiftUpdateCheck = 0920;
				LastUpgradeCheck = 0920;
				ORGANIZATIONNAME = "Trinidad Garcia";
				TargetAttributes = {
					12D10F2B2048CE9600F16747 = {
						CreatedOnToolsVersion = 9.2;
						ProvisioningStyle = Automatic;
					};
				};
			};
			buildConfigurationList = 12D10F272048CE9600F16747 /* Build configuration list for PBXProject "DatabaseDemo1" */;
			compatibilityVersion = "Xcode 8.0";
			developmentRegion = en;
			hasScannedForEncodings = 0;
			knownRegions = (
				en,
				Base,
			);
			mainGroup = 12D10F232048CE9600F16747;
			productRefGroup = 12D10F2D2048CE9600F16747 /* Products */;
			projectDirPath = "";
			projectRoot = "";
			targets = (
				12D10F2B2048CE9600F16747 /* DatabaseDemo1 */,
			);
		};
/* End PBXProject section */

/* Begin PBXResourcesBuildPhase section */
		12D10F2A2048CE9600F16747 /* Resources */ = {
			isa = PBXResourcesBuildPhase;
			buildActionMask = 2147483647;
			files = (
				12D10F3D2048CE9600F16747 /* LaunchScreen.storyboard in Resources */,
				12D10F3A2048CE9600F16747 /* Assets.xcassets in Resources */,
				12D10F352048CE9600F16747 /* Main.storyboard in Resources */,
			);
			runOnlyForDeploymentPostprocessing = 0;
		};
/* End PBXResourcesBuildPhase section */

/* Begin PBXSourcesBuildPhase section */
		12D10F282048CE9600F16747 /* Sources */ = {
			isa = PBXSourcesBuildPhase;
			buildActionMask = 2147483647;
			files = (
				12D10F4B2048D36400F16747 /* Student+CoreDataProperties.swift in Sources */,
				12D10F4C2048D36400F16747 /* Course+CoreDataClass.swift in Sources */,
				12D10F452048CFF100F16747 /* DatabaseController.swift in Sources */,
				12D10F322048CE9600F16747 /* ViewController.swift in Sources */,
				12D10F382048CE9600F16747 /* DatabaseDemo1.xcdatamodeld in Sources */,
				12D10F302048CE9600F16747 /* AppDelegate.swift in Sources */,
				12D10F4D2048D36400F16747 /* Course+CoreDataProperties.swift in Sources */,
				12D10F4A2048D36400F16747 /* Student+CoreDataClass.swift in Sources */,
			);
			runOnlyForDeploymentPostprocessing = 0;
		};
/* End PBXSourcesBuildPhase section */

/* Begin PBXVariantGroup section */
		12D10F332048CE9600F16747 /* Main.storyboard */ = {
			isa = PBXVariantGroup;
			children = (
				12D10F342048CE9600F16747 /* Base */,
			);
			name = Main.storyboard;
			sourceTree = "<group>";
		};
		12D10F3B2048CE9600F16747 /* LaunchScreen.storyboard */ = {
			isa = PBXVariantGroup;
			children = (
				12D10F3C2048CE9600F16747 /* Base */,
			);
			name = LaunchScreen.storyboard;
			sourceTree = "<group>";
		};
/* End PBXVariantGroup section */

/* Begin XCBuildConfiguration section */
		12D10F3F2048CE9600F16747 /* Debug */ = {
			isa = XCBuildConfiguration;
			buildSettings = {
				ALWAYS_SEARCH_USER_PATHS = NO;
				CLANG_ANALYZER_NONNULL = YES;
				CLANG_ANALYZER_NUMBER_OBJECT_CONVERSION = YES_AGGRESSIVE;
				CLANG_CXX_LANGUAGE_STANDARD = "gnu++14";
				CLANG_CXX_LIBRARY = "libc++";
				CLANG_ENABLE_MODULES = YES;
				CLANG_ENABLE_OBJC_ARC = YES;
				CLANG_WARN_BLOCK_CAPTURE_AUTORELEASING = YES;
				CLANG_WARN_BOOL_CONVERSION = YES;
				CLANG_WARN_COMMA = YES;
				CLANG_WARN_CONSTANT_CONVERSION = YES;
				CLANG_WARN_DIRECT_OBJC_ISA_USAGE = YES_ERROR;
				CLANG_WARN_DOCUMENTATION_COMMENTS = YES;
				CLANG_WARN_EMPTY_BODY = YES;
				CLANG_WARN_ENUM_CONVERSION = YES;
				CLANG_WARN_INFINITE_RECURSION = YES;
				CLANG_WARN_INT_CONVERSION = YES;
				CLANG_WARN_NON_LITERAL_NULL_CONVERSION = YES;
				CLANG_WARN_OBJC_LITERAL_CONVERSION = YES;
				CLANG_WARN_OBJC_ROOT_CLASS = YES_ERROR;
				CLANG_WARN_RANGE_LOOP_ANALYSIS = YES;
				CLANG_WARN_STRICT_PROTOTYPES = YES;
				CLANG_WARN_SUSPICIOUS_MOVE = YES;
				CLANG_WARN_UNGUARDED_AVAILABILITY = YES_AGGRESSIVE;
				CLANG_WARN_UNREACHABLE_CODE = YES;
				CLANG_WARN__DUPLICATE_METHOD_MATCH = YES;
				CODE_SIGN_IDENTITY = "iPhone Developer";
				COPY_PHASE_STRIP = NO;
				DEBUG_INFORMATION_FORMAT = dwarf;
				ENABLE_STRICT_OBJC_MSGSEND = YES;
				ENABLE_TESTABILITY = YES;
				GCC_C_LANGUAGE_STANDARD = gnu11;
				GCC_DYNAMIC_NO_PIC = NO;
				GCC_NO_COMMON_BLOCKS = YES;
				GCC_OPTIMIZATION_LEVEL = 0;
				GCC_PREPROCESSOR_DEFINITIONS = (
					"DEBUG=1",
					"$(inherited)",
				);
				GCC_WARN_64_TO_32_BIT_CONVERSION = YES;
				GCC_WARN_ABOUT_RETURN_TYPE = YES_ERROR;
				GCC_WARN_UNDECLARED_SELECTOR = YES;
				GCC_WARN_UNINITIALIZED_AUTOS = YES_AGGRESSIVE;
				GCC_WARN_UNUSED_FUNCTION = YES;
				GCC_WARN_UNUSED_VARIABLE = YES;
				IPHONEOS_DEPLOYMENT_TARGET = 11.2;
				MTL_ENABLE_DEBUG_INFO = YES;
				ONLY_ACTIVE_ARCH = YES;
				SDKROOT = iphoneos;
				SWIFT_ACTIVE_COMPILATION_CONDITIONS = DEBUG;
				SWIFT_OPTIMIZATION_LEVEL = "-Onone";
			};
			name = Debug;
		};
		12D10F402048CE9600F16747 /* Release */ = {
			isa = XCBuildConfiguration;
			buildSettings = {
				ALWAYS_SEARCH_USER_PATHS = NO;
				CLANG_ANALYZER_NONNULL = YES;
				CLANG_ANALYZER_NUMBER_OBJECT_CONVERSION = YES_AGGRESSIVE;
				CLANG_CXX_LANGUAGE_STANDARD = "gnu++14";
				CLANG_CXX_LIBRARY = "libc++";
				CLANG_ENABLE_MODULES = YES;
				CLANG_ENABLE_OBJC_ARC = YES;
				CLANG_WARN_BLOCK_CAPTURE_AUTORELEASING = YES;
				CLANG_WARN_BOOL_CONVERSION = YES;
				CLANG_WARN_COMMA = YES;
				CLANG_WARN_CONSTANT_CONVERSION = YES;
				CLANG_WARN_DIRECT_OBJC_ISA_USAGE = YES_ERROR;
				CLANG_WARN_DOCUMENTATION_COMMENTS = YES;
				CLANG_WARN_EMPTY_BODY = YES;
				CLANG_WARN_ENUM_CONVERSION = YES;
				CLANG_WARN_INFINITE_RECURSION = YES;
				CLANG_WARN_INT_CONVERSION = YES;
				CLANG_WARN_NON_LITERAL_NULL_CONVERSION = YES;
				CLANG_WARN_OBJC_LITERAL_CONVERSION = YES;
				CLANG_WARN_OBJC_ROOT_CLASS = YES_ERROR;
				CLANG_WARN_RANGE_LOOP_ANALYSIS = YES;
				CLANG_WARN_STRICT_PROTOTYPES = YES;
				CLANG_WARN_SUSPICIOUS_MOVE = YES;
				CLANG_WARN_UNGUARDED_AVAILABILITY = YES_AGGRESSIVE;
				CLANG_WARN_UNREACHABLE_CODE = YES;
				CLANG_WARN__DUPLICATE_METHOD_MATCH = YES;
				CODE_SIGN_IDENTITY = "iPhone Developer";
				COPY_PHASE_STRIP = NO;
				DEBUG_INFORMATION_FORMAT = "dwarf-with-dsym";
				ENABLE_NS_ASSERTIONS = NO;
				ENABLE_STRICT_OBJC_MSGSEND = YES;
				GCC_C_LANGUAGE_STANDARD = gnu11;
				GCC_NO_COMMON_BLOCKS = YES;
				GCC_WARN_64_TO_32_BIT_CONVERSION = YES;
				GCC_WARN_ABOUT_RETURN_TYPE = YES_ERROR;
				GCC_WARN_UNDECLARED_SELECTOR = YES;
				GCC_WARN_UNINITIALIZED_AUTOS = YES_AGGRESSIVE;
				GCC_WARN_UNUSED_FUNCTION = YES;
				GCC_WARN_UNUSED_VARIABLE = YES;
				IPHONEOS_DEPLOYMENT_TARGET = 11.2;
				MTL_ENABLE_DEBUG_INFO = NO;
				SDKROOT = iphoneos;
				SWIFT_OPTIMIZATION_LEVEL = "-Owholemodule";
				VALIDATE_PRODUCT = YES;
			};
			name = Release;
		};
		12D10F422048CE9600F16747 /* Debug */ = {
			isa = XCBuildConfiguration;
			buildSettings = {
				ASSETCATALOG_COMPILER_APPICON_NAME = AppIcon;
				CODE_SIGN_STYLE = Automatic;
				INFOPLIST_FILE = DatabaseDemo1/Info.plist;
				LD_RUNPATH_SEARCH_PATHS = "$(inherited) @executable_path/Frameworks";
				PRODUCT_BUNDLE_IDENTIFIER = com.galosoft.DatabaseDemo1;
				PRODUCT_NAME = "$(TARGET_NAME)";
				SWIFT_VERSION = 4.0;
				TARGETED_DEVICE_FAMILY = "1,2";
			};
			name = Debug;
		};
		12D10F432048CE9600F16747 /* Release */ = {
			isa = XCBuildConfiguration;
			buildSettings = {
				ASSETCATALOG_COMPILER_APPICON_NAME = AppIcon;
				CODE_SIGN_STYLE = Automatic;
				INFOPLIST_FILE = DatabaseDemo1/Info.plist;
				LD_RUNPATH_SEARCH_PATHS = "$(inherited) @executable_path/Frameworks";
				PRODUCT_BUNDLE_IDENTIFIER = com.galosoft.DatabaseDemo1;
				PRODUCT_NAME = "$(TARGET_NAME)";
				SWIFT_VERSION = 4.0;
				TARGETED_DEVICE_FAMILY = "1,2";
			};
			name = Release;
		};
/* End XCBuildConfiguration section */

/* Begin XCConfigurationList section */
		12D10F272048CE9600F16747 /* Build configuration list for PBXProject "DatabaseDemo1" */ = {
			isa = XCConfigurationList;
			buildConfigurations = (
				12D10F3F2048CE9600F16747 /* Debug */,
				12D10F402048CE9600F16747 /* Release */,
			);
			defaultConfigurationIsVisible = 0;
			defaultConfigurationName = Release;
		};
		12D10F412048CE9600F16747 /* Build configuration list for PBXNativeTarget "DatabaseDemo1" */ = {
			isa = XCConfigurationList;
			buildConfigurations = (
				12D10F422048CE9600F16747 /* Debug */,
				12D10F432048CE9600F16747 /* Release */,
			);
			defaultConfigurationIsVisible = 0;
			defaultConfigurationName = Release;
		};
/* End XCConfigurationList section */

/* Begin XCVersionGroup section */
		12D10F362048CE9600F16747 /* DatabaseDemo1.xcdatamodeld */ = {
			isa = XCVersionGroup;
			children = (
				12D10F372048CE9600F16747 /* DatabaseDemo1.xcdatamodel */,
			);
			currentVersion = 12D10F372048CE9600F16747 /* DatabaseDemo1.xcdatamodel */;
			path = DatabaseDemo1.xcdatamodeld;
			sourceTree = "<group>";
			versionGroupType = wrapper.xcdatamodel;
		};
/* End XCVersionGroup section */
	};
	rootObject = 12D10F242048CE9600F16747 /* Project object */;
}
